// !$*UTF8*$!
{
	archiveVersion = 1;
	classes = {
	};
	objectVersion = 50;
	objects = {

/* Begin PBXBuildFile section */
		01241413224959E4008CBE1A /* GoogleService-Info.plist in Resources */ = {isa = PBXBuildFile; fileRef = 01241412224959E3008CBE1A /* GoogleService-Info.plist */; };
		012EFF2B2251D1E000FE8360 /* FoodClassifier.mlmodel in Sources */ = {isa = PBXBuildFile; fileRef = 012EFF2A2251D1E000FE8360 /* FoodClassifier.mlmodel */; };
		5C17846A22247A3400DFD00B /* DetailsViewController.swift in Sources */ = {isa = PBXBuildFile; fileRef = 5C17846922247A3400DFD00B /* DetailsViewController.swift */; };
		5CB081E72229CE3D0097C845 /* UIImage+PixelBuffer.swift in Sources */ = {isa = PBXBuildFile; fileRef = 5CB081E62229CE3D0097C845 /* UIImage+PixelBuffer.swift */; };
		A80325772214B332005585B6 /* AppDelegate.swift in Sources */ = {isa = PBXBuildFile; fileRef = A80325762214B332005585B6 /* AppDelegate.swift */; };
		A80325792214B332005585B6 /* ViewController.swift in Sources */ = {isa = PBXBuildFile; fileRef = A80325782214B332005585B6 /* ViewController.swift */; };
		A803257C2214B332005585B6 /* Main.storyboard in Resources */ = {isa = PBXBuildFile; fileRef = A803257A2214B332005585B6 /* Main.storyboard */; };
		A803257E2214B335005585B6 /* Assets.xcassets in Resources */ = {isa = PBXBuildFile; fileRef = A803257D2214B335005585B6 /* Assets.xcassets */; };
		A80325812214B335005585B6 /* LaunchScreen.storyboard in Resources */ = {isa = PBXBuildFile; fileRef = A803257F2214B335005585B6 /* LaunchScreen.storyboard */; };
		A80E373322150572008867E3 /* MyView.xib in Resources */ = {isa = PBXBuildFile; fileRef = A80E373222150572008867E3 /* MyView.xib */; };
		A80E373522150865008867E3 /* MyVIew.swift in Sources */ = {isa = PBXBuildFile; fileRef = A80E373422150865008867E3 /* MyVIew.swift */; };
		A80E3739221527CA008867E3 /* AddViewController.swift in Sources */ = {isa = PBXBuildFile; fileRef = A80E3738221527CA008867E3 /* AddViewController.swift */; };
		F2889BB9FDE8FF42CA964411 /* Pods_FoodOrganizer.framework in Frameworks */ = {isa = PBXBuildFile; fileRef = 3C36DCAE6D0408AE525D63C1 /* Pods_FoodOrganizer.framework */; };
/* End PBXBuildFile section */

/* Begin PBXFileReference section */
		01241412224959E3008CBE1A /* GoogleService-Info.plist */ = {isa = PBXFileReference; fileEncoding = 4; lastKnownFileType = text.plist.xml; path = "GoogleService-Info.plist"; sourceTree = "<group>"; };
		012EFF2A2251D1E000FE8360 /* FoodClassifier.mlmodel */ = {isa = PBXFileReference; lastKnownFileType = file.mlmodel; path = FoodClassifier.mlmodel; sourceTree = "<group>"; };
		3C36DCAE6D0408AE525D63C1 /* Pods_FoodOrganizer.framework */ = {isa = PBXFileReference; explicitFileType = wrapper.framework; includeInIndex = 0; path = Pods_FoodOrganizer.framework; sourceTree = BUILT_PRODUCTS_DIR; };
		5C17846922247A3400DFD00B /* DetailsViewController.swift */ = {isa = PBXFileReference; lastKnownFileType = sourcecode.swift; path = DetailsViewController.swift; sourceTree = "<group>"; };
		5CB081E62229CE3D0097C845 /* UIImage+PixelBuffer.swift */ = {isa = PBXFileReference; fileEncoding = 4; lastKnownFileType = sourcecode.swift; path = "UIImage+PixelBuffer.swift"; sourceTree = "<group>"; };
		A80325732214B332005585B6 /* FoodOrganizer.app */ = {isa = PBXFileReference; explicitFileType = wrapper.application; includeInIndex = 0; path = FoodOrganizer.app; sourceTree = BUILT_PRODUCTS_DIR; };
		A80325762214B332005585B6 /* AppDelegate.swift */ = {isa = PBXFileReference; lastKnownFileType = sourcecode.swift; path = AppDelegate.swift; sourceTree = "<group>"; };
		A80325782214B332005585B6 /* ViewController.swift */ = {isa = PBXFileReference; lastKnownFileType = sourcecode.swift; path = ViewController.swift; sourceTree = "<group>"; };
		A803257B2214B332005585B6 /* Base */ = {isa = PBXFileReference; lastKnownFileType = file.storyboard; name = Base; path = Base.lproj/Main.storyboard; sourceTree = "<group>"; };
		A803257D2214B335005585B6 /* Assets.xcassets */ = {isa = PBXFileReference; lastKnownFileType = folder.assetcatalog; path = Assets.xcassets; sourceTree = "<group>"; };
		A80325802214B335005585B6 /* Base */ = {isa = PBXFileReference; lastKnownFileType = file.storyboard; name = Base; path = Base.lproj/LaunchScreen.storyboard; sourceTree = "<group>"; };
		A80325822214B335005585B6 /* Info.plist */ = {isa = PBXFileReference; lastKnownFileType = text.plist.xml; path = Info.plist; sourceTree = "<group>"; };
		A80E373222150572008867E3 /* MyView.xib */ = {isa = PBXFileReference; lastKnownFileType = file.xib; path = MyView.xib; sourceTree = "<group>"; };
		A80E373422150865008867E3 /* MyVIew.swift */ = {isa = PBXFileReference; lastKnownFileType = sourcecode.swift; path = MyVIew.swift; sourceTree = "<group>"; };
		A80E3738221527CA008867E3 /* AddViewController.swift */ = {isa = PBXFileReference; lastKnownFileType = sourcecode.swift; path = AddViewController.swift; sourceTree = "<group>"; };
		A884C46B45139D368C8F3840 /* Pods-FoodOrganizer.release.xcconfig */ = {isa = PBXFileReference; includeInIndex = 1; lastKnownFileType = text.xcconfig; name = "Pods-FoodOrganizer.release.xcconfig"; path = "Pods/Target Support Files/Pods-FoodOrganizer/Pods-FoodOrganizer.release.xcconfig"; sourceTree = "<group>"; };
		FC751B62BBD142DE201FCB53 /* Pods-FoodOrganizer.debug.xcconfig */ = {isa = PBXFileReference; includeInIndex = 1; lastKnownFileType = text.xcconfig; name = "Pods-FoodOrganizer.debug.xcconfig"; path = "Pods/Target Support Files/Pods-FoodOrganizer/Pods-FoodOrganizer.debug.xcconfig"; sourceTree = "<group>"; };
/* End PBXFileReference section */

/* Begin PBXFrameworksBuildPhase section */
		A80325702214B332005585B6 /* Frameworks */ = {
			isa = PBXFrameworksBuildPhase;
			buildActionMask = 2147483647;
			files = (
				F2889BB9FDE8FF42CA964411 /* Pods_FoodOrganizer.framework in Frameworks */,
			);
			runOnlyForDeploymentPostprocessing = 0;
		};
/* End PBXFrameworksBuildPhase section */

/* Begin PBXGroup section */
		484A610D8A0FC2B53EDDB4FD /* Pods */ = {
			isa = PBXGroup;
			children = (
				FC751B62BBD142DE201FCB53 /* Pods-FoodOrganizer.debug.xcconfig */,
				A884C46B45139D368C8F3840 /* Pods-FoodOrganizer.release.xcconfig */,
			);
			name = Pods;
			sourceTree = "<group>";
		};
		9FD5BBFADE39F5C8672A72A3 /* Frameworks */ = {
			isa = PBXGroup;
			children = (
				3C36DCAE6D0408AE525D63C1 /* Pods_FoodOrganizer.framework */,
			);
			name = Frameworks;
			sourceTree = "<group>";
		};
		A803256A2214B331005585B6 = {
			isa = PBXGroup;
			children = (
				A80325752214B332005585B6 /* FoodOrganizer */,
				A80325742214B332005585B6 /* Products */,
				484A610D8A0FC2B53EDDB4FD /* Pods */,
				9FD5BBFADE39F5C8672A72A3 /* Frameworks */,
			);
			sourceTree = "<group>";
		};
		A80325742214B332005585B6 /* Products */ = {
			isa = PBXGroup;
			children = (
				A80325732214B332005585B6 /* FoodOrganizer.app */,
			);
			name = Products;
			sourceTree = "<group>";
		};
		A80325752214B332005585B6 /* FoodOrganizer */ = {
			isa = PBXGroup;
			children = (
				A80325762214B332005585B6 /* AppDelegate.swift */,
				A80325782214B332005585B6 /* ViewController.swift */,
				A80E3738221527CA008867E3 /* AddViewController.swift */,
				5C17846922247A3400DFD00B /* DetailsViewController.swift */,
				5CB081E62229CE3D0097C845 /* UIImage+PixelBuffer.swift */,
				A80E373422150865008867E3 /* MyVIew.swift */,
				A80E373222150572008867E3 /* MyView.xib */,
				012EFF2A2251D1E000FE8360 /* FoodClassifier.mlmodel */,
				01241412224959E3008CBE1A /* GoogleService-Info.plist */,
				A803257A2214B332005585B6 /* Main.storyboard */,
				A803257D2214B335005585B6 /* Assets.xcassets */,
				A803257F2214B335005585B6 /* LaunchScreen.storyboard */,
				A80325822214B335005585B6 /* Info.plist */,
			);
			path = FoodOrganizer;
			sourceTree = "<group>";
		};
/* End PBXGroup section */

/* Begin PBXNativeTarget section */
		A80325722214B332005585B6 /* FoodOrganizer */ = {
			isa = PBXNativeTarget;
			buildConfigurationList = A80325852214B335005585B6 /* Build configuration list for PBXNativeTarget "FoodOrganizer" */;
			buildPhases = (
				80AAF47D2893A8FD834CA042 /* [CP] Check Pods Manifest.lock */,
				A803256F2214B332005585B6 /* Sources */,
				A80325702214B332005585B6 /* Frameworks */,
				A80325712214B332005585B6 /* Resources */,
				C00C328EBA68238EB92DCF8B /* [CP] Embed Pods Frameworks */,
				01DE27C9224FECA300C24DF6 /* ShellScript */,
			);
			buildRules = (
			);
			dependencies = (
			);
			name = FoodOrganizer;
			productName = FoodOrganizer;
			productReference = A80325732214B332005585B6 /* FoodOrganizer.app */;
			productType = "com.apple.product-type.application";
		};
/* End PBXNativeTarget section */

/* Begin PBXProject section */
		A803256B2214B331005585B6 /* Project object */ = {
			isa = PBXProject;
			attributes = {
				LastSwiftUpdateCheck = 1010;
				LastUpgradeCheck = 1010;
				ORGANIZATIONNAME = "Aleksei Moskaljuk";
				TargetAttributes = {
					A80325722214B332005585B6 = {
						CreatedOnToolsVersion = 10.1;
					};
				};
			};
			buildConfigurationList = A803256E2214B332005585B6 /* Build configuration list for PBXProject "FoodOrganizer" */;
			compatibilityVersion = "Xcode 9.3";
			developmentRegion = en;
			hasScannedForEncodings = 0;
			knownRegions = (
				en,
				Base,
			);
			mainGroup = A803256A2214B331005585B6;
			productRefGroup = A80325742214B332005585B6 /* Products */;
			projectDirPath = "";
			projectRoot = "";
			targets = (
				A80325722214B332005585B6 /* FoodOrganizer */,
			);
		};
/* End PBXProject section */

/* Begin PBXResourcesBuildPhase section */
		A80325712214B332005585B6 /* Resources */ = {
			isa = PBXResourcesBuildPhase;
			buildActionMask = 2147483647;
			files = (
				A80E373322150572008867E3 /* MyView.xib in Resources */,
				A80325812214B335005585B6 /* LaunchScreen.storyboard in Resources */,
				01241413224959E4008CBE1A /* GoogleService-Info.plist in Resources */,
				A803257E2214B335005585B6 /* Assets.xcassets in Resources */,
				A803257C2214B332005585B6 /* Main.storyboard in Resources */,
			);
			runOnlyForDeploymentPostprocessing = 0;
		};
/* End PBXResourcesBuildPhase section */

/* Begin PBXShellScriptBuildPhase section */
		01DE27C9224FECA300C24DF6 /* ShellScript */ = {
			isa = PBXShellScriptBuildPhase;
			buildActionMask = 2147483647;
			files = (
			);
			inputFileListPaths = (
			);
			inputPaths = (
			);
			outputFileListPaths = (
			);
			outputPaths = (
			);
			runOnlyForDeploymentPostprocessing = 0;
			shellPath = /bin/sh;
			shellScript = "# Type a script or drag a script file from your workspace to insert its path.\n\n";
		};
		80AAF47D2893A8FD834CA042 /* [CP] Check Pods Manifest.lock */ = {
			isa = PBXShellScriptBuildPhase;
			buildActionMask = 2147483647;
			files = (
			);
			inputPaths = (
				"${PODS_PODFILE_DIR_PATH}/Podfile.lock",
				"${PODS_ROOT}/Manifest.lock",
			);
			name = "[CP] Check Pods Manifest.lock";
			outputPaths = (
				"$(DERIVED_FILE_DIR)/Pods-FoodOrganizer-checkManifestLockResult.txt",
			);
			runOnlyForDeploymentPostprocessing = 0;
			shellPath = /bin/sh;
			shellScript = "diff \"${PODS_PODFILE_DIR_PATH}/Podfile.lock\" \"${PODS_ROOT}/Manifest.lock\" > /dev/null\nif [ $? != 0 ] ; then\n    # print error to STDERR\n    echo \"error: The sandbox is not in sync with the Podfile.lock. Run 'pod install' or update your CocoaPods installation.\" >&2\n    exit 1\nfi\n# This output is used by Xcode 'outputs' to avoid re-running this script phase.\necho \"SUCCESS\" > \"${SCRIPT_OUTPUT_FILE_0}\"\n";
			showEnvVarsInLog = 0;
		};
		C00C328EBA68238EB92DCF8B /* [CP] Embed Pods Frameworks */ = {
			isa = PBXShellScriptBuildPhase;
			buildActionMask = 2147483647;
			files = (
			);
			inputPaths = (
				"${SRCROOT}/Pods/Target Support Files/Pods-FoodOrganizer/Pods-FoodOrganizer-frameworks.sh",
				"${BUILT_PRODUCTS_DIR}/BoringSSL-GRPC/openssl_grpc.framework",
				"${BUILT_PRODUCTS_DIR}/GTMSessionFetcher/GTMSessionFetcher.framework",
				"${BUILT_PRODUCTS_DIR}/GoogleUtilities/GoogleUtilities.framework",
				"${BUILT_PRODUCTS_DIR}/Protobuf/Protobuf.framework",
				"${BUILT_PRODUCTS_DIR}/SDWebImage/SDWebImage.framework",
				"${BUILT_PRODUCTS_DIR}/gRPC-C++/grpcpp.framework",
				"${BUILT_PRODUCTS_DIR}/gRPC-Core/grpc.framework",
				"${BUILT_PRODUCTS_DIR}/leveldb-library/leveldb.framework",
				"${BUILT_PRODUCTS_DIR}/nanopb/nanopb.framework",
			);
			name = "[CP] Embed Pods Frameworks";
			outputPaths = (
				"${TARGET_BUILD_DIR}/${FRAMEWORKS_FOLDER_PATH}/openssl_grpc.framework",
				"${TARGET_BUILD_DIR}/${FRAMEWORKS_FOLDER_PATH}/GTMSessionFetcher.framework",
				"${TARGET_BUILD_DIR}/${FRAMEWORKS_FOLDER_PATH}/GoogleUtilities.framework",
				"${TARGET_BUILD_DIR}/${FRAMEWORKS_FOLDER_PATH}/Protobuf.framework",
				"${TARGET_BUILD_DIR}/${FRAMEWORKS_FOLDER_PATH}/SDWebImage.framework",
				"${TARGET_BUILD_DIR}/${FRAMEWORKS_FOLDER_PATH}/grpcpp.framework",
				"${TARGET_BUILD_DIR}/${FRAMEWORKS_FOLDER_PATH}/grpc.framework",
				"${TARGET_BUILD_DIR}/${FRAMEWORKS_FOLDER_PATH}/leveldb.framework",
				"${TARGET_BUILD_DIR}/${FRAMEWORKS_FOLDER_PATH}/nanopb.framework",
			);
			runOnlyForDeploymentPostprocessing = 0;
			shellPath = /bin/sh;
			shellScript = "\"${SRCROOT}/Pods/Target Support Files/Pods-FoodOrganizer/Pods-FoodOrganizer-frameworks.sh\"\n";
			showEnvVarsInLog = 0;
		};
/* End PBXShellScriptBuildPhase section */

/* Begin PBXSourcesBuildPhase section */
		A803256F2214B332005585B6 /* Sources */ = {
			isa = PBXSourcesBuildPhase;
			buildActionMask = 2147483647;
			files = (
				A80325792214B332005585B6 /* ViewController.swift in Sources */,
				A80325772214B332005585B6 /* AppDelegate.swift in Sources */,
				012EFF2B2251D1E000FE8360 /* FoodClassifier.mlmodel in Sources */,
				5CB081E72229CE3D0097C845 /* UIImage+PixelBuffer.swift in Sources */,
				A80E3739221527CA008867E3 /* AddViewController.swift in Sources */,
				A80E373522150865008867E3 /* MyVIew.swift in Sources */,
				5C17846A22247A3400DFD00B /* DetailsViewController.swift in Sources */,
			);
			runOnlyForDeploymentPostprocessing = 0;
		};
/* End PBXSourcesBuildPhase section */

/* Begin PBXVariantGroup section */
		A803257A2214B332005585B6 /* Main.storyboard */ = {
			isa = PBXVariantGroup;
			children = (
				A803257B2214B332005585B6 /* Base */,
			);
			name = Main.storyboard;
			sourceTree = "<group>";
		};
		A803257F2214B335005585B6 /* LaunchScreen.storyboard */ = {
			isa = PBXVariantGroup;
			children = (
				A80325802214B335005585B6 /* Base */,
			);
			name = LaunchScreen.storyboard;
			sourceTree = "<group>";
		};
/* End PBXVariantGroup section */

/* Begin XCBuildConfiguration section */
		A80325832214B335005585B6 /* Debug */ = {
			isa = XCBuildConfiguration;
			buildSettings = {
				ALWAYS_SEARCH_USER_PATHS = NO;
				CLANG_ANALYZER_NONNULL = YES;
				CLANG_ANALYZER_NUMBER_OBJECT_CONVERSION = YES_AGGRESSIVE;
				CLANG_CXX_LANGUAGE_STANDARD = "gnu++14";
				CLANG_CXX_LIBRARY = "libc++";
				CLANG_ENABLE_MODULES = YES;
				CLANG_ENABLE_OBJC_ARC = YES;
				CLANG_ENABLE_OBJC_WEAK = YES;
				CLANG_WARN_BLOCK_CAPTURE_AUTORELEASING = YES;
				CLANG_WARN_BOOL_CONVERSION = YES;
				CLANG_WARN_COMMA = YES;
				CLANG_WARN_CONSTANT_CONVERSION = YES;
				CLANG_WARN_DEPRECATED_OBJC_IMPLEMENTATIONS = YES;
				CLANG_WARN_DIRECT_OBJC_ISA_USAGE = YES_ERROR;
				CLANG_WARN_DOCUMENTATION_COMMENTS = YES;
				CLANG_WARN_EMPTY_BODY = YES;
				CLANG_WARN_ENUM_CONVERSION = YES;
				CLANG_WARN_INFINITE_RECURSION = YES;
				CLANG_WARN_INT_CONVERSION = YES;
				CLANG_WARN_NON_LITERAL_NULL_CONVERSION = YES;
				CLANG_WARN_OBJC_IMPLICIT_RETAIN_SELF = YES;
				CLANG_WARN_OBJC_LITERAL_CONVERSION = YES;
				CLANG_WARN_OBJC_ROOT_CLASS = YES_ERROR;
				CLANG_WARN_RANGE_LOOP_ANALYSIS = YES;
				CLANG_WARN_STRICT_PROTOTYPES = YES;
				CLANG_WARN_SUSPICIOUS_MOVE = YES;
				CLANG_WARN_UNGUARDED_AVAILABILITY = YES_AGGRESSIVE;
				CLANG_WARN_UNREACHABLE_CODE = YES;
				CLANG_WARN__DUPLICATE_METHOD_MATCH = YES;
				CODE_SIGN_IDENTITY = "iPhone Developer";
				COPY_PHASE_STRIP = NO;
				DEBUG_INFORMATION_FORMAT = dwarf;
				ENABLE_STRICT_OBJC_MSGSEND = YES;
				ENABLE_TESTABILITY = YES;
				GCC_C_LANGUAGE_STANDARD = gnu11;
				GCC_DYNAMIC_NO_PIC = NO;
				GCC_NO_COMMON_BLOCKS = YES;
				GCC_OPTIMIZATION_LEVEL = 0;
				GCC_PREPROCESSOR_DEFINITIONS = (
					"DEBUG=1",
					"$(inherited)",
				);
				GCC_WARN_64_TO_32_BIT_CONVERSION = YES;
				GCC_WARN_ABOUT_RETURN_TYPE = YES_ERROR;
				GCC_WARN_UNDECLARED_SELECTOR = YES;
				GCC_WARN_UNINITIALIZED_AUTOS = YES_AGGRESSIVE;
				GCC_WARN_UNUSED_FUNCTION = YES;
				GCC_WARN_UNUSED_VARIABLE = YES;
				IPHONEOS_DEPLOYMENT_TARGET = 12.1;
				MTL_ENABLE_DEBUG_INFO = INCLUDE_SOURCE;
				MTL_FAST_MATH = YES;
				ONLY_ACTIVE_ARCH = YES;
				SDKROOT = iphoneos;
				SWIFT_ACTIVE_COMPILATION_CONDITIONS = DEBUG;
				SWIFT_OPTIMIZATION_LEVEL = "-Onone";
			};
			name = Debug;
		};
		A80325842214B335005585B6 /* Release */ = {
			isa = XCBuildConfiguration;
			buildSettings = {
				ALWAYS_SEARCH_USER_PATHS = NO;
				CLANG_ANALYZER_NONNULL = YES;
				CLANG_ANALYZER_NUMBER_OBJECT_CONVERSION = YES_AGGRESSIVE;
				CLANG_CXX_LANGUAGE_STANDARD = "gnu++14";
				CLANG_CXX_LIBRARY = "libc++";
				CLANG_ENABLE_MODULES = YES;
				CLANG_ENABLE_OBJC_ARC = YES;
				CLANG_ENABLE_OBJC_WEAK = YES;
				CLANG_WARN_BLOCK_CAPTURE_AUTORELEASING = YES;
				CLANG_WARN_BOOL_CONVERSION = YES;
				CLANG_WARN_COMMA = YES;
				CLANG_WARN_CONSTANT_CONVERSION = YES;
				CLANG_WARN_DEPRECATED_OBJC_IMPLEMENTATIONS = YES;
				CLANG_WARN_DIRECT_OBJC_ISA_USAGE = YES_ERROR;
				CLANG_WARN_DOCUMENTATION_COMMENTS = YES;
				CLANG_WARN_EMPTY_BODY = YES;
				CLANG_WARN_ENUM_CONVERSION = YES;
				CLANG_WARN_INFINITE_RECURSION = YES;
				CLANG_WARN_INT_CONVERSION = YES;
				CLANG_WARN_NON_LITERAL_NULL_CONVERSION = YES;
				CLANG_WARN_OBJC_IMPLICIT_RETAIN_SELF = YES;
				CLANG_WARN_OBJC_LITERAL_CONVERSION = YES;
				CLANG_WARN_OBJC_ROOT_CLASS = YES_ERROR;
				CLANG_WARN_RANGE_LOOP_ANALYSIS = YES;
				CLANG_WARN_STRICT_PROTOTYPES = YES;
				CLANG_WARN_SUSPICIOUS_MOVE = YES;
				CLANG_WARN_UNGUARDED_AVAILABILITY = YES_AGGRESSIVE;
				CLANG_WARN_UNREACHABLE_CODE = YES;
				CLANG_WARN__DUPLICATE_METHOD_MATCH = YES;
				CODE_SIGN_IDENTITY = "iPhone Developer";
				COPY_PHASE_STRIP = NO;
				DEBUG_INFORMATION_FORMAT = "dwarf-with-dsym";
				ENABLE_NS_ASSERTIONS = NO;
				ENABLE_STRICT_OBJC_MSGSEND = YES;
				GCC_C_LANGUAGE_STANDARD = gnu11;
				GCC_NO_COMMON_BLOCKS = YES;
				GCC_WARN_64_TO_32_BIT_CONVERSION = YES;
				GCC_WARN_ABOUT_RETURN_TYPE = YES_ERROR;
				GCC_WARN_UNDECLARED_SELECTOR = YES;
				GCC_WARN_UNINITIALIZED_AUTOS = YES_AGGRESSIVE;
				GCC_WARN_UNUSED_FUNCTION = YES;
				GCC_WARN_UNUSED_VARIABLE = YES;
				IPHONEOS_DEPLOYMENT_TARGET = 12.1;
				MTL_ENABLE_DEBUG_INFO = NO;
				MTL_FAST_MATH = YES;
				SDKROOT = iphoneos;
				SWIFT_COMPILATION_MODE = wholemodule;
				SWIFT_OPTIMIZATION_LEVEL = "-O";
				VALIDATE_PRODUCT = YES;
			};
			name = Release;
		};
		A80325862214B335005585B6 /* Debug */ = {
			isa = XCBuildConfiguration;
			baseConfigurationReference = FC751B62BBD142DE201FCB53 /* Pods-FoodOrganizer.debug.xcconfig */;
			buildSettings = {
				ASSETCATALOG_COMPILER_APPICON_NAME = AppIcon;
				CODE_SIGN_STYLE = Automatic;
				INFOPLIST_FILE = FoodOrganizer/Info.plist;
				IPHONEOS_DEPLOYMENT_TARGET = 11.0;
				LD_RUNPATH_SEARCH_PATHS = (
					"$(inherited)",
					"@executable_path/Frameworks",
				);
				PRODUCT_BUNDLE_IDENTIFIER = ca.alekseiko.FoodOrganizer;
				PRODUCT_NAME = "$(TARGET_NAME)";
				SWIFT_OPTIMIZATION_LEVEL = "-Onone";
				SWIFT_VERSION = 4.0;
				TARGETED_DEVICE_FAMILY = "1,2";
			};
			name = Debug;
		};
		A80325872214B335005585B6 /* Release */ = {
			isa = XCBuildConfiguration;
			baseConfigurationReference = A884C46B45139D368C8F3840 /* Pods-FoodOrganizer.release.xcconfig */;
			buildSettings = {
				ASSETCATALOG_COMPILER_APPICON_NAME = AppIcon;
				CODE_SIGN_STYLE = Automatic;
				INFOPLIST_FILE = FoodOrganizer/Info.plist;
				IPHONEOS_DEPLOYMENT_TARGET = 11.0;
				LD_RUNPATH_SEARCH_PATHS = (
					"$(inherited)",
					"@executable_path/Frameworks",
				);
				PRODUCT_BUNDLE_IDENTIFIER = ca.alekseiko.FoodOrganizer;
				PRODUCT_NAME = "$(TARGET_NAME)";
				SWIFT_OPTIMIZATION_LEVEL = "-Onone";
				SWIFT_VERSION = 4.0;
				TARGETED_DEVICE_FAMILY = "1,2";
			};
			name = Release;
		};
/* End XCBuildConfiguration section */

/* Begin XCConfigurationList section */
		A803256E2214B332005585B6 /* Build configuration list for PBXProject "FoodOrganizer" */ = {
			isa = XCConfigurationList;
			buildConfigurations = (
				A80325832214B335005585B6 /* Debug */,
				A80325842214B335005585B6 /* Release */,
			);
			defaultConfigurationIsVisible = 0;
			defaultConfigurationName = Release;
		};
		A80325852214B335005585B6 /* Build configuration list for PBXNativeTarget "FoodOrganizer" */ = {
			isa = XCConfigurationList;
			buildConfigurations = (
				A80325862214B335005585B6 /* Debug */,
				A80325872214B335005585B6 /* Release */,
			);
			defaultConfigurationIsVisible = 0;
			defaultConfigurationName = Release;
		};
/* End XCConfigurationList section */
	};
	rootObject = A803256B2214B331005585B6 /* Project object */;
}
