// !$*UTF8*$!
{
	archiveVersion = 1;
	classes = {
	};
	objectVersion = 50;
	objects = {

/* Begin PBXBuildFile section */
		5C17846A22247A3400DFD00B /* DetailsViewController.swift in Sources */ = {isa = PBXBuildFile; fileRef = 5C17846922247A3400DFD00B /* DetailsViewController.swift */; };
		5C650CD5222DA61C00F1F3C8 /* Food101.mlmodel in Sources */ = {isa = PBXBuildFile; fileRef = 5C650CD4222DA61C00F1F3C8 /* Food101.mlmodel */; };
		5CB081E12229CC1D0097C845 /* Inceptionv3.mlmodel in Sources */ = {isa = PBXBuildFile; fileRef = 5CB081E02229CC1D0097C845 /* Inceptionv3.mlmodel */; };
		5CB081E72229CE3D0097C845 /* UIImage+PixelBuffer.swift in Sources */ = {isa = PBXBuildFile; fileRef = 5CB081E62229CE3D0097C845 /* UIImage+PixelBuffer.swift */; };
		A80325772214B332005585B6 /* AppDelegate.swift in Sources */ = {isa = PBXBuildFile; fileRef = A80325762214B332005585B6 /* AppDelegate.swift */; };
		A80325792214B332005585B6 /* ViewController.swift in Sources */ = {isa = PBXBuildFile; fileRef = A80325782214B332005585B6 /* ViewController.swift */; };
		A803257C2214B332005585B6 /* Main.storyboard in Resources */ = {isa = PBXBuildFile; fileRef = A803257A2214B332005585B6 /* Main.storyboard */; };
		A803257E2214B335005585B6 /* Assets.xcassets in Resources */ = {isa = PBXBuildFile; fileRef = A803257D2214B335005585B6 /* Assets.xcassets */; };
		A80325812214B335005585B6 /* LaunchScreen.storyboard in Resources */ = {isa = PBXBuildFile; fileRef = A803257F2214B335005585B6 /* LaunchScreen.storyboard */; };
		A80E373322150572008867E3 /* MyView.xib in Resources */ = {isa = PBXBuildFile; fileRef = A80E373222150572008867E3 /* MyView.xib */; };
		A80E373522150865008867E3 /* MyVIew.swift in Sources */ = {isa = PBXBuildFile; fileRef = A80E373422150865008867E3 /* MyVIew.swift */; };
		A80E3739221527CA008867E3 /* AddViewController.swift in Sources */ = {isa = PBXBuildFile; fileRef = A80E3738221527CA008867E3 /* AddViewController.swift */; };
/* End PBXBuildFile section */

/* Begin PBXFileReference section */
		5C17846922247A3400DFD00B /* DetailsViewController.swift */ = {isa = PBXFileReference; lastKnownFileType = sourcecode.swift; path = DetailsViewController.swift; sourceTree = "<group>"; };
		5C650CD4222DA61C00F1F3C8 /* Food101.mlmodel */ = {isa = PBXFileReference; lastKnownFileType = file.mlmodel; path = Food101.mlmodel; sourceTree = "<group>"; };
		5CB081E02229CC1D0097C845 /* Inceptionv3.mlmodel */ = {isa = PBXFileReference; lastKnownFileType = file.mlmodel; path = Inceptionv3.mlmodel; sourceTree = "<group>"; };
		5CB081E62229CE3D0097C845 /* UIImage+PixelBuffer.swift */ = {isa = PBXFileReference; fileEncoding = 4; lastKnownFileType = sourcecode.swift; path = "UIImage+PixelBuffer.swift"; sourceTree = "<group>"; };
		A80325732214B332005585B6 /* FoodOrganizer.app */ = {isa = PBXFileReference; explicitFileType = wrapper.application; includeInIndex = 0; path = FoodOrganizer.app; sourceTree = BUILT_PRODUCTS_DIR; };
		A80325762214B332005585B6 /* AppDelegate.swift */ = {isa = PBXFileReference; lastKnownFileType = sourcecode.swift; path = AppDelegate.swift; sourceTree = "<group>"; };
		A80325782214B332005585B6 /* ViewController.swift */ = {isa = PBXFileReference; lastKnownFileType = sourcecode.swift; path = ViewController.swift; sourceTree = "<group>"; };
		A803257B2214B332005585B6 /* Base */ = {isa = PBXFileReference; lastKnownFileType = file.storyboard; name = Base; path = Base.lproj/Main.storyboard; sourceTree = "<group>"; };
		A803257D2214B335005585B6 /* Assets.xcassets */ = {isa = PBXFileReference; lastKnownFileType = folder.assetcatalog; path = Assets.xcassets; sourceTree = "<group>"; };
		A80325802214B335005585B6 /* Base */ = {isa = PBXFileReference; lastKnownFileType = file.storyboard; name = Base; path = Base.lproj/LaunchScreen.storyboard; sourceTree = "<group>"; };
		A80325822214B335005585B6 /* Info.plist */ = {isa = PBXFileReference; lastKnownFileType = text.plist.xml; path = Info.plist; sourceTree = "<group>"; };
		A80E373222150572008867E3 /* MyView.xib */ = {isa = PBXFileReference; lastKnownFileType = file.xib; path = MyView.xib; sourceTree = "<group>"; };
		A80E373422150865008867E3 /* MyVIew.swift */ = {isa = PBXFileReference; lastKnownFileType = sourcecode.swift; path = MyVIew.swift; sourceTree = "<group>"; };
		A80E3738221527CA008867E3 /* AddViewController.swift */ = {isa = PBXFileReference; lastKnownFileType = sourcecode.swift; path = AddViewController.swift; sourceTree = "<group>"; };
/* End PBXFileReference section */

/* Begin PBXFrameworksBuildPhase section */
		A80325702214B332005585B6 /* Frameworks */ = {
			isa = PBXFrameworksBuildPhase;
			buildActionMask = 2147483647;
			files = (
			);
			runOnlyForDeploymentPostprocessing = 0;
		};
/* End PBXFrameworksBuildPhase section */

/* Begin PBXGroup section */
		A803256A2214B331005585B6 = {
			isa = PBXGroup;
			children = (
				A80325752214B332005585B6 /* FoodOrganizer */,
				A80325742214B332005585B6 /* Products */,
			);
			sourceTree = "<group>";
		};
		A80325742214B332005585B6 /* Products */ = {
			isa = PBXGroup;
			children = (
				A80325732214B332005585B6 /* FoodOrganizer.app */,
			);
			name = Products;
			sourceTree = "<group>";
		};
		A80325752214B332005585B6 /* FoodOrganizer */ = {
			isa = PBXGroup;
			children = (
				A80325762214B332005585B6 /* AppDelegate.swift */,
				A80325782214B332005585B6 /* ViewController.swift */,
				A80E3738221527CA008867E3 /* AddViewController.swift */,
				5C17846922247A3400DFD00B /* DetailsViewController.swift */,
				5CB081E62229CE3D0097C845 /* UIImage+PixelBuffer.swift */,
				A80E373422150865008867E3 /* MyVIew.swift */,
				A80E373222150572008867E3 /* MyView.xib */,
				5CB081E02229CC1D0097C845 /* Inceptionv3.mlmodel */,
				5C650CD4222DA61C00F1F3C8 /* Food101.mlmodel */,
				A803257A2214B332005585B6 /* Main.storyboard */,
				A803257D2214B335005585B6 /* Assets.xcassets */,
				A803257F2214B335005585B6 /* LaunchScreen.storyboard */,
				A80325822214B335005585B6 /* Info.plist */,
			);
			path = FoodOrganizer;
			sourceTree = "<group>";
		};
/* End PBXGroup section */

/* Begin PBXNativeTarget section */
		A80325722214B332005585B6 /* FoodOrganizer */ = {
			isa = PBXNativeTarget;
			buildConfigurationList = A80325852214B335005585B6 /* Build configuration list for PBXNativeTarget "FoodOrganizer" */;
			buildPhases = (
				A803256F2214B332005585B6 /* Sources */,
				A80325702214B332005585B6 /* Frameworks */,
				A80325712214B332005585B6 /* Resources */,
			);
			buildRules = (
			);
			dependencies = (
			);
			name = FoodOrganizer;
			productName = FoodOrganizer;
			productReference = A80325732214B332005585B6 /* FoodOrganizer.app */;
			productType = "com.apple.product-type.application";
		};
/* End PBXNativeTarget section */

/* Begin PBXProject section */
		A803256B2214B331005585B6 /* Project object */ = {
			isa = PBXProject;
			attributes = {
				LastSwiftUpdateCheck = 1010;
				LastUpgradeCheck = 1010;
				ORGANIZATIONNAME = "Aleksei Moskaljuk";
				TargetAttributes = {
					A80325722214B332005585B6 = {
						CreatedOnToolsVersion = 10.1;
					};
				};
			};
			buildConfigurationList = A803256E2214B332005585B6 /* Build configuration list for PBXProject "FoodOrganizer" */;
			compatibilityVersion = "Xcode 9.3";
			developmentRegion = en;
			hasScannedForEncodings = 0;
			knownRegions = (
				en,
				Base,
			);
			mainGroup = A803256A2214B331005585B6;
			productRefGroup = A80325742214B332005585B6 /* Products */;
			projectDirPath = "";
			projectRoot = "";
			targets = (
				A80325722214B332005585B6 /* FoodOrganizer */,
			);
		};
/* End PBXProject section */

/* Begin PBXResourcesBuildPhase section */
		A80325712214B332005585B6 /* Resources */ = {
			isa = PBXResourcesBuildPhase;
			buildActionMask = 2147483647;
			files = (
				A80E373322150572008867E3 /* MyView.xib in Resources */,
				A80325812214B335005585B6 /* LaunchScreen.storyboard in Resources */,
				A803257E2214B335005585B6 /* Assets.xcassets in Resources */,
				A803257C2214B332005585B6 /* Main.storyboard in Resources */,
			);
			runOnlyForDeploymentPostprocessing = 0;
		};
/* End PBXResourcesBuildPhase section */

/* Begin PBXSourcesBuildPhase section */
		A803256F2214B332005585B6 /* Sources */ = {
			isa = PBXSourcesBuildPhase;
			buildActionMask = 2147483647;
			files = (
				A80325792214B332005585B6 /* ViewController.swift in Sources */,
				5C650CD5222DA61C00F1F3C8 /* Food101.mlmodel in Sources */,
				5CB081E12229CC1D0097C845 /* Inceptionv3.mlmodel in Sources */,
				A80325772214B332005585B6 /* AppDelegate.swift in Sources */,
				5CB081E72229CE3D0097C845 /* UIImage+PixelBuffer.swift in Sources */,
				A80E3739221527CA008867E3 /* AddViewController.swift in Sources */,
				A80E373522150865008867E3 /* MyVIew.swift in Sources */,
				5C17846A22247A3400DFD00B /* DetailsViewController.swift in Sources */,
			);
			runOnlyForDeploymentPostprocessing = 0;
		};
/* End PBXSourcesBuildPhase section */

/* Begin PBXVariantGroup section */
		A803257A2214B332005585B6 /* Main.storyboard */ = {
			isa = PBXVariantGroup;
			children = (
				A803257B2214B332005585B6 /* Base */,
			);
			name = Main.storyboard;
			sourceTree = "<group>";
		};
		A803257F2214B335005585B6 /* LaunchScreen.storyboard */ = {
			isa = PBXVariantGroup;
			children = (
				A80325802214B335005585B6 /* Base */,
			);
			name = LaunchScreen.storyboard;
			sourceTree = "<group>";
		};
/* End PBXVariantGroup section */

/* Begin XCBuildConfiguration section */
		A80325832214B335005585B6 /* Debug */ = {
			isa = XCBuildConfiguration;
			buildSettings = {
				ALWAYS_SEARCH_USER_PATHS = NO;
				CLANG_ANALYZER_NONNULL = YES;
				CLANG_ANALYZER_NUMBER_OBJECT_CONVERSION = YES_AGGRESSIVE;
				CLANG_CXX_LANGUAGE_STANDARD = "gnu++14";
				CLANG_CXX_LIBRARY = "libc++";
				CLANG_ENABLE_MODULES = YES;
				CLANG_ENABLE_OBJC_ARC = YES;
				CLANG_ENABLE_OBJC_WEAK = YES;
				CLANG_WARN_BLOCK_CAPTURE_AUTORELEASING = YES;
				CLANG_WARN_BOOL_CONVERSION = YES;
				CLANG_WARN_COMMA = YES;
				CLANG_WARN_CONSTANT_CONVERSION = YES;
				CLANG_WARN_DEPRECATED_OBJC_IMPLEMENTATIONS = YES;
				CLANG_WARN_DIRECT_OBJC_ISA_USAGE = YES_ERROR;
				CLANG_WARN_DOCUMENTATION_COMMENTS = YES;
				CLANG_WARN_EMPTY_BODY = YES;
				CLANG_WARN_ENUM_CONVERSION = YES;
				CLANG_WARN_INFINITE_RECURSION = YES;
				CLANG_WARN_INT_CONVERSION = YES;
				CLANG_WARN_NON_LITERAL_NULL_CONVERSION = YES;
				CLANG_WARN_OBJC_IMPLICIT_RETAIN_SELF = YES;
				CLANG_WARN_OBJC_LITERAL_CONVERSION = YES;
				CLANG_WARN_OBJC_ROOT_CLASS = YES_ERROR;
				CLANG_WARN_RANGE_LOOP_ANALYSIS = YES;
				CLANG_WARN_STRICT_PROTOTYPES = YES;
				CLANG_WARN_SUSPICIOUS_MOVE = YES;
				CLANG_WARN_UNGUARDED_AVAILABILITY = YES_AGGRESSIVE;
				CLANG_WARN_UNREACHABLE_CODE = YES;
				CLANG_WARN__DUPLICATE_METHOD_MATCH = YES;
				CODE_SIGN_IDENTITY = "iPhone Developer";
				COPY_PHASE_STRIP = NO;
				DEBUG_INFORMATION_FORMAT = dwarf;
				ENABLE_STRICT_OBJC_MSGSEND = YES;
				ENABLE_TESTABILITY = YES;
				GCC_C_LANGUAGE_STANDARD = gnu11;
				GCC_DYNAMIC_NO_PIC = NO;
				GCC_NO_COMMON_BLOCKS = YES;
				GCC_OPTIMIZATION_LEVEL = 0;
				GCC_PREPROCESSOR_DEFINITIONS = (
					"DEBUG=1",
					"$(inherited)",
				);
				GCC_WARN_64_TO_32_BIT_CONVERSION = YES;
				GCC_WARN_ABOUT_RETURN_TYPE = YES_ERROR;
				GCC_WARN_UNDECLARED_SELECTOR = YES;
				GCC_WARN_UNINITIALIZED_AUTOS = YES_AGGRESSIVE;
				GCC_WARN_UNUSED_FUNCTION = YES;
				GCC_WARN_UNUSED_VARIABLE = YES;
				IPHONEOS_DEPLOYMENT_TARGET = 12.1;
				MTL_ENABLE_DEBUG_INFO = INCLUDE_SOURCE;
				MTL_FAST_MATH = YES;
				ONLY_ACTIVE_ARCH = YES;
				SDKROOT = iphoneos;
				SWIFT_ACTIVE_COMPILATION_CONDITIONS = DEBUG;
				SWIFT_OPTIMIZATION_LEVEL = "-Onone";
			};
			name = Debug;
		};
		A80325842214B335005585B6 /* Release */ = {
			isa = XCBuildConfiguration;
			buildSettings = {
				ALWAYS_SEARCH_USER_PATHS = NO;
				CLANG_ANALYZER_NONNULL = YES;
				CLANG_ANALYZER_NUMBER_OBJECT_CONVERSION = YES_AGGRESSIVE;
				CLANG_CXX_LANGUAGE_STANDARD = "gnu++14";
				CLANG_CXX_LIBRARY = "libc++";
				CLANG_ENABLE_MODULES = YES;
				CLANG_ENABLE_OBJC_ARC = YES;
				CLANG_ENABLE_OBJC_WEAK = YES;
				CLANG_WARN_BLOCK_CAPTURE_AUTORELEASING = YES;
				CLANG_WARN_BOOL_CONVERSION = YES;
				CLANG_WARN_COMMA = YES;
				CLANG_WARN_CONSTANT_CONVERSION = YES;
				CLANG_WARN_DEPRECATED_OBJC_IMPLEMENTATIONS = YES;
				CLANG_WARN_DIRECT_OBJC_ISA_USAGE = YES_ERROR;
				CLANG_WARN_DOCUMENTATION_COMMENTS = YES;
				CLANG_WARN_EMPTY_BODY = YES;
				CLANG_WARN_ENUM_CONVERSION = YES;
				CLANG_WARN_INFINITE_RECURSION = YES;
				CLANG_WARN_INT_CONVERSION = YES;
				CLANG_WARN_NON_LITERAL_NULL_CONVERSION = YES;
				CLANG_WARN_OBJC_IMPLICIT_RETAIN_SELF = YES;
				CLANG_WARN_OBJC_LITERAL_CONVERSION = YES;
				CLANG_WARN_OBJC_ROOT_CLASS = YES_ERROR;
				CLANG_WARN_RANGE_LOOP_ANALYSIS = YES;
				CLANG_WARN_STRICT_PROTOTYPES = YES;
				CLANG_WARN_SUSPICIOUS_MOVE = YES;
				CLANG_WARN_UNGUARDED_AVAILABILITY = YES_AGGRESSIVE;
				CLANG_WARN_UNREACHABLE_CODE = YES;
				CLANG_WARN__DUPLICATE_METHOD_MATCH = YES;
				CODE_SIGN_IDENTITY = "iPhone Developer";
				COPY_PHASE_STRIP = NO;
				DEBUG_INFORMATION_FORMAT = "dwarf-with-dsym";
				ENABLE_NS_ASSERTIONS = NO;
				ENABLE_STRICT_OBJC_MSGSEND = YES;
				GCC_C_LANGUAGE_STANDARD = gnu11;
				GCC_NO_COMMON_BLOCKS = YES;
				GCC_WARN_64_TO_32_BIT_CONVERSION = YES;
				GCC_WARN_ABOUT_RETURN_TYPE = YES_ERROR;
				GCC_WARN_UNDECLARED_SELECTOR = YES;
				GCC_WARN_UNINITIALIZED_AUTOS = YES_AGGRESSIVE;
				GCC_WARN_UNUSED_FUNCTION = YES;
				GCC_WARN_UNUSED_VARIABLE = YES;
				IPHONEOS_DEPLOYMENT_TARGET = 12.1;
				MTL_ENABLE_DEBUG_INFO = NO;
				MTL_FAST_MATH = YES;
				SDKROOT = iphoneos;
				SWIFT_COMPILATION_MODE = wholemodule;
				SWIFT_OPTIMIZATION_LEVEL = "-O";
				VALIDATE_PRODUCT = YES;
			};
			name = Release;
		};
		A80325862214B335005585B6 /* Debug */ = {
			isa = XCBuildConfiguration;
			buildSettings = {
				ASSETCATALOG_COMPILER_APPICON_NAME = AppIcon;
				CODE_SIGN_STYLE = Automatic;
				INFOPLIST_FILE = FoodOrganizer/Info.plist;
				IPHONEOS_DEPLOYMENT_TARGET = 11.0;
				LD_RUNPATH_SEARCH_PATHS = (
					"$(inherited)",
					"@executable_path/Frameworks",
				);
				PRODUCT_BUNDLE_IDENTIFIER = ca.alekseiko.FoodOrganizer;
				PRODUCT_NAME = "$(TARGET_NAME)";
				SWIFT_VERSION = 3.0;
				TARGETED_DEVICE_FAMILY = "1,2";
			};
			name = Debug;
		};
		A80325872214B335005585B6 /* Release */ = {
			isa = XCBuildConfiguration;
			buildSettings = {
				ASSETCATALOG_COMPILER_APPICON_NAME = AppIcon;
				CODE_SIGN_STYLE = Automatic;
				INFOPLIST_FILE = FoodOrganizer/Info.plist;
				IPHONEOS_DEPLOYMENT_TARGET = 11.0;
				LD_RUNPATH_SEARCH_PATHS = (
					"$(inherited)",
					"@executable_path/Frameworks",
				);
				PRODUCT_BUNDLE_IDENTIFIER = ca.alekseiko.FoodOrganizer;
				PRODUCT_NAME = "$(TARGET_NAME)";
				SWIFT_VERSION = 3.0;
				TARGETED_DEVICE_FAMILY = "1,2";
			};
			name = Release;
		};
/* End XCBuildConfiguration section */

/* Begin XCConfigurationList section */
		A803256E2214B332005585B6 /* Build configuration list for PBXProject "FoodOrganizer" */ = {
			isa = XCConfigurationList;
			buildConfigurations = (
				A80325832214B335005585B6 /* Debug */,
				A80325842214B335005585B6 /* Release */,
			);
			defaultConfigurationIsVisible = 0;
			defaultConfigurationName = Release;
		};
		A80325852214B335005585B6 /* Build configuration list for PBXNativeTarget "FoodOrganizer" */ = {
			isa = XCConfigurationList;
			buildConfigurations = (
				A80325862214B335005585B6 /* Debug */,
				A80325872214B335005585B6 /* Release */,
			);
			defaultConfigurationIsVisible = 0;
			defaultConfigurationName = Release;
		};
/* End XCConfigurationList section */
	};
	rootObject = A803256B2214B331005585B6 /* Project object */;
}
